
Microsoft Visual Studio Solution File, Format Version 12.00
# Visual Studio Version 17
VisualStudioVersion = 17.14.36915.13
MinimumVisualStudioVersion = 10.0.40219.1
Project("{FAE04EC0-301F-11D3-BF4B-00C04F79EFBC}") = "DataAccess", "DataAccess\DataAccess.csproj", "{3DD37907-0EE8-4CA7-A79E-50A619688088}"
EndProject
Project("{FAE04EC0-301F-11D3-BF4B-00C04F79EFBC}") = "SengWeb", "SengWeb\SengWeb\SengWeb.csproj", "{4E4E6BF6-9711-4E3C-95CB-C83A8C09B4A6}"
EndProject
Project("{FAE04EC0-301F-11D3-BF4B-00C04F79EFBC}") = "SengWeb.Client", "SengWeb\SengWeb.Client\SengWeb.Client.csproj", "{4DFDAE53-0D13-440F-B5C5-EF06F6429A26}"
EndProject
Project("{2150E333-8FDC-42A3-9474-1A3956D46DE8}") = "Çözüm Öğeleri", "Çözüm Öğeleri", "{AC80F682-3D55-C8F8-4895-A4A9EDD49434}"
	ProjectSection(SolutionItems) = preProject
		docker-compose.yml = docker-compose.yml
	EndProjectSection
EndProject
Global
	GlobalSection(SolutionConfigurationPlatforms) = preSolution
		Debug|Any CPU = Debug|Any CPU
		Release|Any CPU = Release|Any CPU
	EndGlobalSection
	GlobalSection(ProjectConfigurationPlatforms) = postSolution
		{3DD37907-0EE8-4CA7-A79E-50A619688088}.Debug|Any CPU.ActiveCfg = Debug|Any CPU
		{3DD37907-0EE8-4CA7-A79E-50A619688088}.Debug|Any CPU.Build.0 = Debug|Any CPU
		{3DD37907-0EE8-4CA7-A79E-50A619688088}.Release|Any CPU.ActiveCfg = Release|Any CPU
		{3DD37907-0EE8-4CA7-A79E-50A619688088}.Release|Any CPU.Build.0 = Release|Any CPU
		{4E4E6BF6-9711-4E3C-95CB-C83A8C09B4A6}.Debug|Any CPU.ActiveCfg = Debug|Any CPU
		{4E4E6BF6-9711-4E3C-95CB-C83A8C09B4A6}.Debug|Any CPU.Build.0 = Debug|Any CPU
		{4E4E6BF6-9711-4E3C-95CB-C83A8C09B4A6}.Release|Any CPU.ActiveCfg = Release|Any CPU
		{4E4E6BF6-9711-4E3C-95CB-C83A8C09B4A6}.Release|Any CPU.Build.0 = Release|Any CPU
		{4DFDAE53-0D13-440F-B5C5-EF06F6429A26}.Debug|Any CPU.ActiveCfg = Debug|Any CPU
		{4DFDAE53-0D13-440F-B5C5-EF06F6429A26}.Debug|Any CPU.Build.0 = Debug|Any CPU
		{4DFDAE53-0D13-440F-B5C5-EF06F6429A26}.Release|Any CPU.ActiveCfg = Release|Any CPU
		{4DFDAE53-0D13-440F-B5C5-EF06F6429A26}.Release|Any CPU.Build.0 = Release|Any CPU
	EndGlobalSection
	GlobalSection(SolutionProperties) = preSolution
		HideSolutionNode = FALSE
	EndGlobalSection
	GlobalSection(ExtensibilityGlobals) = postSolution
		SolutionGuid = {82431250-03C1-494F-BDC6-B993643ABEB3}
	EndGlobalSection
EndGlobal
